
Microsoft Visual Studio Solution File, Format Version 12.00
# Visual Studio Version 16
VisualStudioVersion = 16.0.30413.136
MinimumVisualStudioVersion = 10.0.40219.1
Project("{FAE04EC0-301F-11D3-BF4B-00C04F79EFBC}") = "SyntaxApp", "SyntaxApp\SyntaxApp.csproj", "{A32E2D70-0971-46CA-9B0F-5966E30687CA}"
EndProject
Global
	GlobalSection(SolutionConfigurationPlatforms) = preSolution
		Debug|Any CPU = Debug|Any CPU
		Release|Any CPU = Release|Any CPU
	EndGlobalSection
	GlobalSection(ProjectConfigurationPlatforms) = postSolution
		{A32E2D70-0971-46CA-9B0F-5966E30687CA}.Debug|Any CPU.ActiveCfg = Debug|Any CPU
		{A32E2D70-0971-46CA-9B0F-5966E30687CA}.Debug|Any CPU.Build.0 = Debug|Any CPU
		{A32E2D70-0971-46CA-9B0F-5966E30687CA}.Release|Any CPU.ActiveCfg = Release|Any CPU
		{A32E2D70-0971-46CA-9B0F-5966E30687CA}.Release|Any CPU.Build.0 = Release|Any CPU
	EndGlobalSection
	GlobalSection(SolutionProperties) = preSolution
		HideSolutionNode = FALSE
	EndGlobalSection
	GlobalSection(ExtensibilityGlobals) = postSolution
		SolutionGuid = {7B6C8DCA-1B00-4C83-A33D-D335E5093FE2}
	EndGlobalSection
EndGlobal
